// !$*UTF8*$!
{
	archiveVersion = 1;
	classes = {
	};
	objectVersion = 56;
	objects = {

/* Begin PBXBuildFile section */
		380A20A62C2BBEA000F2E3E9 /* BuscadorSuperHeroes.swift in Sources */ = {isa = PBXBuildFile; fileRef = 380A20A52C2BBEA000F2E3E9 /* BuscadorSuperHeroes.swift */; };
		380A20A82C2BC4BE00F2E3E9 /* API.swift in Sources */ = {isa = PBXBuildFile; fileRef = 380A20A72C2BC4BE00F2E3E9 /* API.swift */; };
		380A20AB2C2BE79600F2E3E9 /* SDWebImageSwiftUI in Frameworks */ = {isa = PBXBuildFile; productRef = 380A20AA2C2BE79600F2E3E9 /* SDWebImageSwiftUI */; };
		382412EA2C37499600F81D66 /* LugaresView.swift in Sources */ = {isa = PBXBuildFile; fileRef = 382412E92C37499600F81D66 /* LugaresView.swift */; };
		382412ED2C374B7600F81D66 /* Lugar.swift in Sources */ = {isa = PBXBuildFile; fileRef = 382412EC2C374B7600F81D66 /* Lugar.swift */; };
		382412EF2C374C9C00F81D66 /* DialogoCustom.swift in Sources */ = {isa = PBXBuildFile; fileRef = 382412EE2C374C9C00F81D66 /* DialogoCustom.swift */; };
		38597EDB2C2F9F150030A0DE /* MapView.swift in Sources */ = {isa = PBXBuildFile; fileRef = 38597EDA2C2F9F150030A0DE /* MapView.swift */; };
		386AC30C2C28E5C200CEA86A /* ListView.swift in Sources */ = {isa = PBXBuildFile; fileRef = 386AC30B2C28E5C200CEA86A /* ListView.swift */; };
		389D9FA82C2D385C00F20665 /* ModalHeroView.swift in Sources */ = {isa = PBXBuildFile; fileRef = 389D9FA72C2D385C00F20665 /* ModalHeroView.swift */; };
		38BE30122C2D0144007173CF /* SuperHeroeDetalles.swift in Sources */ = {isa = PBXBuildFile; fileRef = 38BE30112C2D0144007173CF /* SuperHeroeDetalles.swift */; };
		38E2835B2C26207B00A65846 /* IMCResultado.swift in Sources */ = {isa = PBXBuildFile; fileRef = 38E2835A2C26207B00A65846 /* IMCResultado.swift */; };
		38F654612C226D8B00CFA7F4 /* APPSApp.swift in Sources */ = {isa = PBXBuildFile; fileRef = 38F654602C226D8B00CFA7F4 /* APPSApp.swift */; };
		38F654632C226D8B00CFA7F4 /* MainView.swift in Sources */ = {isa = PBXBuildFile; fileRef = 38F654622C226D8B00CFA7F4 /* MainView.swift */; };
		38F654652C226D8D00CFA7F4 /* Assets.xcassets in Resources */ = {isa = PBXBuildFile; fileRef = 38F654642C226D8D00CFA7F4 /* Assets.xcassets */; };
		38F654682C226D8D00CFA7F4 /* Preview Assets.xcassets in Resources */ = {isa = PBXBuildFile; fileRef = 38F654672C226D8D00CFA7F4 /* Preview Assets.xcassets */; };
		38F654702C226E1300CFA7F4 /* IMCView.swift in Sources */ = {isa = PBXBuildFile; fileRef = 38F6546F2C226E1300CFA7F4 /* IMCView.swift */; };
		38F654722C226E4600CFA7F4 /* MenuView.swift in Sources */ = {isa = PBXBuildFile; fileRef = 38F654712C226E4600CFA7F4 /* MenuView.swift */; };
/* End PBXBuildFile section */

/* Begin PBXFileReference section */
		380A20A52C2BBEA000F2E3E9 /* BuscadorSuperHeroes.swift */ = {isa = PBXFileReference; lastKnownFileType = sourcecode.swift; path = BuscadorSuperHeroes.swift; sourceTree = "<group>"; };
		380A20A72C2BC4BE00F2E3E9 /* API.swift */ = {isa = PBXFileReference; lastKnownFileType = sourcecode.swift; path = API.swift; sourceTree = "<group>"; };
		382412E92C37499600F81D66 /* LugaresView.swift */ = {isa = PBXFileReference; lastKnownFileType = sourcecode.swift; path = LugaresView.swift; sourceTree = "<group>"; };
		382412EC2C374B7600F81D66 /* Lugar.swift */ = {isa = PBXFileReference; lastKnownFileType = sourcecode.swift; path = Lugar.swift; sourceTree = "<group>"; };
		382412EE2C374C9C00F81D66 /* DialogoCustom.swift */ = {isa = PBXFileReference; lastKnownFileType = sourcecode.swift; path = DialogoCustom.swift; sourceTree = "<group>"; };
		38597EDA2C2F9F150030A0DE /* MapView.swift */ = {isa = PBXFileReference; lastKnownFileType = sourcecode.swift; path = MapView.swift; sourceTree = "<group>"; };
		386AC30B2C28E5C200CEA86A /* ListView.swift */ = {isa = PBXFileReference; lastKnownFileType = sourcecode.swift; path = ListView.swift; sourceTree = "<group>"; };
		389D9FA72C2D385C00F20665 /* ModalHeroView.swift */ = {isa = PBXFileReference; lastKnownFileType = sourcecode.swift; path = ModalHeroView.swift; sourceTree = "<group>"; };
		38BE30112C2D0144007173CF /* SuperHeroeDetalles.swift */ = {isa = PBXFileReference; lastKnownFileType = sourcecode.swift; path = SuperHeroeDetalles.swift; sourceTree = "<group>"; };
		38E2835A2C26207B00A65846 /* IMCResultado.swift */ = {isa = PBXFileReference; lastKnownFileType = sourcecode.swift; path = IMCResultado.swift; sourceTree = "<group>"; };
		38F6545D2C226D8B00CFA7F4 /* APPS.app */ = {isa = PBXFileReference; explicitFileType = wrapper.application; includeInIndex = 0; path = APPS.app; sourceTree = BUILT_PRODUCTS_DIR; };
		38F654602C226D8B00CFA7F4 /* APPSApp.swift */ = {isa = PBXFileReference; lastKnownFileType = sourcecode.swift; path = APPSApp.swift; sourceTree = "<group>"; };
		38F654622C226D8B00CFA7F4 /* MainView.swift */ = {isa = PBXFileReference; lastKnownFileType = sourcecode.swift; path = MainView.swift; sourceTree = "<group>"; };
		38F654642C226D8D00CFA7F4 /* Assets.xcassets */ = {isa = PBXFileReference; lastKnownFileType = folder.assetcatalog; path = Assets.xcassets; sourceTree = "<group>"; };
		38F654672C226D8D00CFA7F4 /* Preview Assets.xcassets */ = {isa = PBXFileReference; lastKnownFileType = folder.assetcatalog; path = "Preview Assets.xcassets"; sourceTree = "<group>"; };
		38F6546F2C226E1300CFA7F4 /* IMCView.swift */ = {isa = PBXFileReference; lastKnownFileType = sourcecode.swift; path = IMCView.swift; sourceTree = "<group>"; };
		38F654712C226E4600CFA7F4 /* MenuView.swift */ = {isa = PBXFileReference; lastKnownFileType = sourcecode.swift; path = MenuView.swift; sourceTree = "<group>"; };
/* End PBXFileReference section */

/* Begin PBXFrameworksBuildPhase section */
		38F6545A2C226D8B00CFA7F4 /* Frameworks */ = {
			isa = PBXFrameworksBuildPhase;
			buildActionMask = 2147483647;
			files = (
				380A20AB2C2BE79600F2E3E9 /* SDWebImageSwiftUI in Frameworks */,
			);
			runOnlyForDeploymentPostprocessing = 0;
		};
/* End PBXFrameworksBuildPhase section */

/* Begin PBXGroup section */
		3806AD4A2C28E18800D336F2 /* Componentes */ = {
			isa = PBXGroup;
			children = (
				386AC30B2C28E5C200CEA86A /* ListView.swift */,
				38597EDA2C2F9F150030A0DE /* MapView.swift */,
				382412EE2C374C9C00F81D66 /* DialogoCustom.swift */,
			);
			path = Componentes;
			sourceTree = "<group>";
		};
		380A20A42C2BBE8D00F2E3E9 /* SuperHeroes */ = {
			isa = PBXGroup;
			children = (
				380A20A52C2BBEA000F2E3E9 /* BuscadorSuperHeroes.swift */,
				389D9FA72C2D385C00F20665 /* ModalHeroView.swift */,
				380A20A72C2BC4BE00F2E3E9 /* API.swift */,
				38BE30112C2D0144007173CF /* SuperHeroeDetalles.swift */,
			);
			path = SuperHeroes;
			sourceTree = "<group>";
		};
		382412E82C37498000F81D66 /* Lugares */ = {
			isa = PBXGroup;
			children = (
				382412E92C37499600F81D66 /* LugaresView.swift */,
				382412EB2C374B5500F81D66 /* models */,
			);
			path = Lugares;
			sourceTree = "<group>";
		};
		382412EB2C374B5500F81D66 /* models */ = {
			isa = PBXGroup;
			children = (
				382412EC2C374B7600F81D66 /* Lugar.swift */,
			);
			path = models;
			sourceTree = "<group>";
		};
		38F654542C226D8B00CFA7F4 = {
			isa = PBXGroup;
			children = (
				38F6545F2C226D8B00CFA7F4 /* APPS */,
				38F6545E2C226D8B00CFA7F4 /* Products */,
			);
			sourceTree = "<group>";
		};
		38F6545E2C226D8B00CFA7F4 /* Products */ = {
			isa = PBXGroup;
			children = (
				38F6545D2C226D8B00CFA7F4 /* APPS.app */,
			);
			name = Products;
			sourceTree = "<group>";
		};
		38F6545F2C226D8B00CFA7F4 /* APPS */ = {
			isa = PBXGroup;
			children = (
				382412E82C37498000F81D66 /* Lugares */,
				380A20A42C2BBE8D00F2E3E9 /* SuperHeroes */,
				3806AD4A2C28E18800D336F2 /* Componentes */,
				38F6546E2C226E0200CFA7F4 /* IMC */,
				38F654602C226D8B00CFA7F4 /* APPSApp.swift */,
				38F654622C226D8B00CFA7F4 /* MainView.swift */,
				38F654712C226E4600CFA7F4 /* MenuView.swift */,
				38F654642C226D8D00CFA7F4 /* Assets.xcassets */,
				38F654662C226D8D00CFA7F4 /* Preview Content */,
			);
			path = APPS;
			sourceTree = "<group>";
		};
		38F654662C226D8D00CFA7F4 /* Preview Content */ = {
			isa = PBXGroup;
			children = (
				38F654672C226D8D00CFA7F4 /* Preview Assets.xcassets */,
			);
			path = "Preview Content";
			sourceTree = "<group>";
		};
		38F6546E2C226E0200CFA7F4 /* IMC */ = {
			isa = PBXGroup;
			children = (
				38F6546F2C226E1300CFA7F4 /* IMCView.swift */,
				38E2835A2C26207B00A65846 /* IMCResultado.swift */,
			);
			path = IMC;
			sourceTree = "<group>";
		};
/* End PBXGroup section */

/* Begin PBXNativeTarget section */
		38F6545C2C226D8B00CFA7F4 /* APPS */ = {
			isa = PBXNativeTarget;
			buildConfigurationList = 38F6546B2C226D8D00CFA7F4 /* Build configuration list for PBXNativeTarget "APPS" */;
			buildPhases = (
				38F654592C226D8B00CFA7F4 /* Sources */,
				38F6545A2C226D8B00CFA7F4 /* Frameworks */,
				38F6545B2C226D8B00CFA7F4 /* Resources */,
			);
			buildRules = (
			);
			dependencies = (
			);
			name = APPS;
			packageProductDependencies = (
				380A20AA2C2BE79600F2E3E9 /* SDWebImageSwiftUI */,
			);
			productName = APPS;
			productReference = 38F6545D2C226D8B00CFA7F4 /* APPS.app */;
			productType = "com.apple.product-type.application";
		};
/* End PBXNativeTarget section */

/* Begin PBXProject section */
		38F654552C226D8B00CFA7F4 /* Project object */ = {
			isa = PBXProject;
			attributes = {
				BuildIndependentTargetsInParallel = 1;
				LastSwiftUpdateCheck = 1540;
				LastUpgradeCheck = 1540;
				TargetAttributes = {
					38F6545C2C226D8B00CFA7F4 = {
						CreatedOnToolsVersion = 15.4;
					};
				};
			};
			buildConfigurationList = 38F654582C226D8B00CFA7F4 /* Build configuration list for PBXProject "APPS" */;
			compatibilityVersion = "Xcode 14.0";
			developmentRegion = en;
			hasScannedForEncodings = 0;
			knownRegions = (
				en,
				Base,
			);
			mainGroup = 38F654542C226D8B00CFA7F4;
			packageReferences = (
				380A20A92C2BD11000F2E3E9 /* XCRemoteSwiftPackageReference "SDWebImageSwiftUI" */,
			);
			productRefGroup = 38F6545E2C226D8B00CFA7F4 /* Products */;
			projectDirPath = "";
			projectRoot = "";
			targets = (
				38F6545C2C226D8B00CFA7F4 /* APPS */,
			);
		};
/* End PBXProject section */

/* Begin PBXResourcesBuildPhase section */
		38F6545B2C226D8B00CFA7F4 /* Resources */ = {
			isa = PBXResourcesBuildPhase;
			buildActionMask = 2147483647;
			files = (
				38F654682C226D8D00CFA7F4 /* Preview Assets.xcassets in Resources */,
				38F654652C226D8D00CFA7F4 /* Assets.xcassets in Resources */,
			);
			runOnlyForDeploymentPostprocessing = 0;
		};
/* End PBXResourcesBuildPhase section */

/* Begin PBXSourcesBuildPhase section */
		38F654592C226D8B00CFA7F4 /* Sources */ = {
			isa = PBXSourcesBuildPhase;
			buildActionMask = 2147483647;
			files = (
				38F654632C226D8B00CFA7F4 /* MainView.swift in Sources */,
				38F654722C226E4600CFA7F4 /* MenuView.swift in Sources */,
				382412ED2C374B7600F81D66 /* Lugar.swift in Sources */,
				382412EA2C37499600F81D66 /* LugaresView.swift in Sources */,
				38BE30122C2D0144007173CF /* SuperHeroeDetalles.swift in Sources */,
				38597EDB2C2F9F150030A0DE /* MapView.swift in Sources */,
				386AC30C2C28E5C200CEA86A /* ListView.swift in Sources */,
				380A20A62C2BBEA000F2E3E9 /* BuscadorSuperHeroes.swift in Sources */,
				38E2835B2C26207B00A65846 /* IMCResultado.swift in Sources */,
				38F654702C226E1300CFA7F4 /* IMCView.swift in Sources */,
				382412EF2C374C9C00F81D66 /* DialogoCustom.swift in Sources */,
				380A20A82C2BC4BE00F2E3E9 /* API.swift in Sources */,
				389D9FA82C2D385C00F20665 /* ModalHeroView.swift in Sources */,
				38F654612C226D8B00CFA7F4 /* APPSApp.swift in Sources */,
			);
			runOnlyForDeploymentPostprocessing = 0;
		};
/* End PBXSourcesBuildPhase section */

/* Begin XCBuildConfiguration section */
		38F654692C226D8D00CFA7F4 /* Debug */ = {
			isa = XCBuildConfiguration;
			buildSettings = {
				ALWAYS_SEARCH_USER_PATHS = NO;
				ASSETCATALOG_COMPILER_GENERATE_SWIFT_ASSET_SYMBOL_EXTENSIONS = YES;
				CLANG_ANALYZER_NONNULL = YES;
				CLANG_ANALYZER_NUMBER_OBJECT_CONVERSION = YES_AGGRESSIVE;
				CLANG_CXX_LANGUAGE_STANDARD = "gnu++20";
				CLANG_ENABLE_MODULES = YES;
				CLANG_ENABLE_OBJC_ARC = YES;
				CLANG_ENABLE_OBJC_WEAK = YES;
				CLANG_WARN_BLOCK_CAPTURE_AUTORELEASING = YES;
				CLANG_WARN_BOOL_CONVERSION = YES;
				CLANG_WARN_COMMA = YES;
				CLANG_WARN_CONSTANT_CONVERSION = YES;
				CLANG_WARN_DEPRECATED_OBJC_IMPLEMENTATIONS = YES;
				CLANG_WARN_DIRECT_OBJC_ISA_USAGE = YES_ERROR;
				CLANG_WARN_DOCUMENTATION_COMMENTS = YES;
				CLANG_WARN_EMPTY_BODY = YES;
				CLANG_WARN_ENUM_CONVERSION = YES;
				CLANG_WARN_INFINITE_RECURSION = YES;
				CLANG_WARN_INT_CONVERSION = YES;
				CLANG_WARN_NON_LITERAL_NULL_CONVERSION = YES;
				CLANG_WARN_OBJC_IMPLICIT_RETAIN_SELF = YES;
				CLANG_WARN_OBJC_LITERAL_CONVERSION = YES;
				CLANG_WARN_OBJC_ROOT_CLASS = YES_ERROR;
				CLANG_WARN_QUOTED_INCLUDE_IN_FRAMEWORK_HEADER = YES;
				CLANG_WARN_RANGE_LOOP_ANALYSIS = YES;
				CLANG_WARN_STRICT_PROTOTYPES = YES;
				CLANG_WARN_SUSPICIOUS_MOVE = YES;
				CLANG_WARN_UNGUARDED_AVAILABILITY = YES_AGGRESSIVE;
				CLANG_WARN_UNREACHABLE_CODE = YES;
				CLANG_WARN__DUPLICATE_METHOD_MATCH = YES;
				COPY_PHASE_STRIP = NO;
				DEBUG_INFORMATION_FORMAT = dwarf;
				ENABLE_STRICT_OBJC_MSGSEND = YES;
				ENABLE_TESTABILITY = YES;
				ENABLE_USER_SCRIPT_SANDBOXING = YES;
				GCC_C_LANGUAGE_STANDARD = gnu17;
				GCC_DYNAMIC_NO_PIC = NO;
				GCC_NO_COMMON_BLOCKS = YES;
				GCC_OPTIMIZATION_LEVEL = 0;
				GCC_PREPROCESSOR_DEFINITIONS = (
					"DEBUG=1",
					"$(inherited)",
				);
				GCC_WARN_64_TO_32_BIT_CONVERSION = YES;
				GCC_WARN_ABOUT_RETURN_TYPE = YES_ERROR;
				GCC_WARN_UNDECLARED_SELECTOR = YES;
				GCC_WARN_UNINITIALIZED_AUTOS = YES_AGGRESSIVE;
				GCC_WARN_UNUSED_FUNCTION = YES;
				GCC_WARN_UNUSED_VARIABLE = YES;
				IPHONEOS_DEPLOYMENT_TARGET = 17.5;
				LOCALIZATION_PREFERS_STRING_CATALOGS = YES;
				MTL_ENABLE_DEBUG_INFO = INCLUDE_SOURCE;
				MTL_FAST_MATH = YES;
				ONLY_ACTIVE_ARCH = YES;
				SDKROOT = iphoneos;
				SWIFT_ACTIVE_COMPILATION_CONDITIONS = "DEBUG $(inherited)";
				SWIFT_OPTIMIZATION_LEVEL = "-Onone";
			};
			name = Debug;
		};
		38F6546A2C226D8D00CFA7F4 /* Release */ = {
			isa = XCBuildConfiguration;
			buildSettings = {
				ALWAYS_SEARCH_USER_PATHS = NO;
				ASSETCATALOG_COMPILER_GENERATE_SWIFT_ASSET_SYMBOL_EXTENSIONS = YES;
				CLANG_ANALYZER_NONNULL = YES;
				CLANG_ANALYZER_NUMBER_OBJECT_CONVERSION = YES_AGGRESSIVE;
				CLANG_CXX_LANGUAGE_STANDARD = "gnu++20";
				CLANG_ENABLE_MODULES = YES;
				CLANG_ENABLE_OBJC_ARC = YES;
				CLANG_ENABLE_OBJC_WEAK = YES;
				CLANG_WARN_BLOCK_CAPTURE_AUTORELEASING = YES;
				CLANG_WARN_BOOL_CONVERSION = YES;
				CLANG_WARN_COMMA = YES;
				CLANG_WARN_CONSTANT_CONVERSION = YES;
				CLANG_WARN_DEPRECATED_OBJC_IMPLEMENTATIONS = YES;
				CLANG_WARN_DIRECT_OBJC_ISA_USAGE = YES_ERROR;
				CLANG_WARN_DOCUMENTATION_COMMENTS = YES;
				CLANG_WARN_EMPTY_BODY = YES;
				CLANG_WARN_ENUM_CONVERSION = YES;
				CLANG_WARN_INFINITE_RECURSION = YES;
				CLANG_WARN_INT_CONVERSION = YES;
				CLANG_WARN_NON_LITERAL_NULL_CONVERSION = YES;
				CLANG_WARN_OBJC_IMPLICIT_RETAIN_SELF = YES;
				CLANG_WARN_OBJC_LITERAL_CONVERSION = YES;
				CLANG_WARN_OBJC_ROOT_CLASS = YES_ERROR;
				CLANG_WARN_QUOTED_INCLUDE_IN_FRAMEWORK_HEADER = YES;
				CLANG_WARN_RANGE_LOOP_ANALYSIS = YES;
				CLANG_WARN_STRICT_PROTOTYPES = YES;
				CLANG_WARN_SUSPICIOUS_MOVE = YES;
				CLANG_WARN_UNGUARDED_AVAILABILITY = YES_AGGRESSIVE;
				CLANG_WARN_UNREACHABLE_CODE = YES;
				CLANG_WARN__DUPLICATE_METHOD_MATCH = YES;
				COPY_PHASE_STRIP = NO;
				DEBUG_INFORMATION_FORMAT = "dwarf-with-dsym";
				ENABLE_NS_ASSERTIONS = NO;
				ENABLE_STRICT_OBJC_MSGSEND = YES;
				ENABLE_USER_SCRIPT_SANDBOXING = YES;
				GCC_C_LANGUAGE_STANDARD = gnu17;
				GCC_NO_COMMON_BLOCKS = YES;
				GCC_WARN_64_TO_32_BIT_CONVERSION = YES;
				GCC_WARN_ABOUT_RETURN_TYPE = YES_ERROR;
				GCC_WARN_UNDECLARED_SELECTOR = YES;
				GCC_WARN_UNINITIALIZED_AUTOS = YES_AGGRESSIVE;
				GCC_WARN_UNUSED_FUNCTION = YES;
				GCC_WARN_UNUSED_VARIABLE = YES;
				IPHONEOS_DEPLOYMENT_TARGET = 17.5;
				LOCALIZATION_PREFERS_STRING_CATALOGS = YES;
				MTL_ENABLE_DEBUG_INFO = NO;
				MTL_FAST_MATH = YES;
				SDKROOT = iphoneos;
				SWIFT_COMPILATION_MODE = wholemodule;
				VALIDATE_PRODUCT = YES;
			};
			name = Release;
		};
		38F6546C2C226D8D00CFA7F4 /* Debug */ = {
			isa = XCBuildConfiguration;
			buildSettings = {
				ASSETCATALOG_COMPILER_APPICON_NAME = AppIcon;
				ASSETCATALOG_COMPILER_GLOBAL_ACCENT_COLOR_NAME = AccentColor;
				CODE_SIGN_STYLE = Automatic;
				CURRENT_PROJECT_VERSION = 1;
				DEVELOPMENT_ASSET_PATHS = "\"APPS/Preview Content\"";
				DEVELOPMENT_TEAM = 524JK9AL29;
				ENABLE_PREVIEWS = YES;
				GENERATE_INFOPLIST_FILE = YES;
				INFOPLIST_KEY_UIApplicationSceneManifest_Generation = YES;
				INFOPLIST_KEY_UIApplicationSupportsIndirectInputEvents = YES;
				INFOPLIST_KEY_UILaunchScreen_Generation = YES;
				INFOPLIST_KEY_UISupportedInterfaceOrientations_iPad = "UIInterfaceOrientationPortrait UIInterfaceOrientationPortraitUpsideDown UIInterfaceOrientationLandscapeLeft UIInterfaceOrientationLandscapeRight";
				INFOPLIST_KEY_UISupportedInterfaceOrientations_iPhone = "UIInterfaceOrientationPortrait UIInterfaceOrientationLandscapeLeft UIInterfaceOrientationLandscapeRight";
				LD_RUNPATH_SEARCH_PATHS = (
					"$(inherited)",
					"@executable_path/Frameworks",
				);
				MARKETING_VERSION = 1.0;
				PRODUCT_BUNDLE_IDENTIFIER = "Ulises-Martinez.APPS";
				PRODUCT_NAME = "$(TARGET_NAME)";
				SWIFT_EMIT_LOC_STRINGS = YES;
				SWIFT_VERSION = 5.0;
				TARGETED_DEVICE_FAMILY = "1,2";
			};
			name = Debug;
		};
		38F6546D2C226D8D00CFA7F4 /* Release */ = {
			isa = XCBuildConfiguration;
			buildSettings = {
				ASSETCATALOG_COMPILER_APPICON_NAME = AppIcon;
				ASSETCATALOG_COMPILER_GLOBAL_ACCENT_COLOR_NAME = AccentColor;
				CODE_SIGN_STYLE = Automatic;
				CURRENT_PROJECT_VERSION = 1;
				DEVELOPMENT_ASSET_PATHS = "\"APPS/Preview Content\"";
				DEVELOPMENT_TEAM = 524JK9AL29;
				ENABLE_PREVIEWS = YES;
				GENERATE_INFOPLIST_FILE = YES;
				INFOPLIST_KEY_UIApplicationSceneManifest_Generation = YES;
				INFOPLIST_KEY_UIApplicationSupportsIndirectInputEvents = YES;
				INFOPLIST_KEY_UILaunchScreen_Generation = YES;
				INFOPLIST_KEY_UISupportedInterfaceOrientations_iPad = "UIInterfaceOrientationPortrait UIInterfaceOrientationPortraitUpsideDown UIInterfaceOrientationLandscapeLeft UIInterfaceOrientationLandscapeRight";
				INFOPLIST_KEY_UISupportedInterfaceOrientations_iPhone = "UIInterfaceOrientationPortrait UIInterfaceOrientationLandscapeLeft UIInterfaceOrientationLandscapeRight";
				LD_RUNPATH_SEARCH_PATHS = (
					"$(inherited)",
					"@executable_path/Frameworks",
				);
				MARKETING_VERSION = 1.0;
				PRODUCT_BUNDLE_IDENTIFIER = "Ulises-Martinez.APPS";
				PRODUCT_NAME = "$(TARGET_NAME)";
				SWIFT_EMIT_LOC_STRINGS = YES;
				SWIFT_VERSION = 5.0;
				TARGETED_DEVICE_FAMILY = "1,2";
			};
			name = Release;
		};
/* End XCBuildConfiguration section */

/* Begin XCConfigurationList section */
		38F654582C226D8B00CFA7F4 /* Build configuration list for PBXProject "APPS" */ = {
			isa = XCConfigurationList;
			buildConfigurations = (
				38F654692C226D8D00CFA7F4 /* Debug */,
				38F6546A2C226D8D00CFA7F4 /* Release */,
			);
			defaultConfigurationIsVisible = 0;
			defaultConfigurationName = Release;
		};
		38F6546B2C226D8D00CFA7F4 /* Build configuration list for PBXNativeTarget "APPS" */ = {
			isa = XCConfigurationList;
			buildConfigurations = (
				38F6546C2C226D8D00CFA7F4 /* Debug */,
				38F6546D2C226D8D00CFA7F4 /* Release */,
			);
			defaultConfigurationIsVisible = 0;
			defaultConfigurationName = Release;
		};
/* End XCConfigurationList section */

/* Begin XCRemoteSwiftPackageReference section */
		380A20A92C2BD11000F2E3E9 /* XCRemoteSwiftPackageReference "SDWebImageSwiftUI" */ = {
			isa = XCRemoteSwiftPackageReference;
			repositoryURL = "https://github.com/SDWebImage/SDWebImageSwiftUI";
			requirement = {
				kind = upToNextMajorVersion;
				minimumVersion = 3.0.4;
			};
		};
/* End XCRemoteSwiftPackageReference section */

/* Begin XCSwiftPackageProductDependency section */
		380A20AA2C2BE79600F2E3E9 /* SDWebImageSwiftUI */ = {
			isa = XCSwiftPackageProductDependency;
			package = 380A20A92C2BD11000F2E3E9 /* XCRemoteSwiftPackageReference "SDWebImageSwiftUI" */;
			productName = SDWebImageSwiftUI;
		};
/* End XCSwiftPackageProductDependency section */
	};
	rootObject = 38F654552C226D8B00CFA7F4 /* Project object */;
}
